
Microsoft Visual Studio Solution File, Format Version 11.00
# Visual Studio 2010
Project("{FAE04EC0-301F-11D3-BF4B-00C04F79EFBC}") = "ManoBesaz_Home_AR", "Assembly-CSharp.csproj", "{AAA4E751-FF3B-3F75-D50A-F72CCF7129A5}"
EndProject
Project("{FAE04EC0-301F-11D3-BF4B-00C04F79EFBC}") = "ManoBesaz_Home_AR", "Assembly-CSharp-Editor.csproj", "{9A05CED3-CDF8-8B84-2E42-8410919D9E7C}"
EndProject
Global
	GlobalSection(SolutionConfigurationPlatforms) = preSolution
		Debug|Any CPU = Debug|Any CPU
		Release|Any CPU = Release|Any CPU
	EndGlobalSection
	GlobalSection(ProjectConfigurationPlatforms) = postSolution
		{AAA4E751-FF3B-3F75-D50A-F72CCF7129A5}.Debug|Any CPU.ActiveCfg = Debug|Any CPU
		{AAA4E751-FF3B-3F75-D50A-F72CCF7129A5}.Debug|Any CPU.Build.0 = Debug|Any CPU
		{AAA4E751-FF3B-3F75-D50A-F72CCF7129A5}.Release|Any CPU.ActiveCfg = Release|Any CPU
		{AAA4E751-FF3B-3F75-D50A-F72CCF7129A5}.Release|Any CPU.Build.0 = Release|Any CPU
		{9A05CED3-CDF8-8B84-2E42-8410919D9E7C}.Debug|Any CPU.ActiveCfg = Debug|Any CPU
		{9A05CED3-CDF8-8B84-2E42-8410919D9E7C}.Debug|Any CPU.Build.0 = Debug|Any CPU
		{9A05CED3-CDF8-8B84-2E42-8410919D9E7C}.Release|Any CPU.ActiveCfg = Release|Any CPU
		{9A05CED3-CDF8-8B84-2E42-8410919D9E7C}.Release|Any CPU.Build.0 = Release|Any CPU
	EndGlobalSection
	GlobalSection(SolutionProperties) = preSolution
		HideSolutionNode = FALSE
	EndGlobalSection
	GlobalSection(MonoDevelopProperties) = preSolution
		StartupItem = Assembly-CSharp.csproj
	EndGlobalSection
EndGlobal
