
Microsoft Visual Studio Solution File, Format Version 12.00
# Visual Studio 2017
Project("{FAE04EC0-301F-11D3-BF4B-00C04F79EFBC}") = "ManoBesaz_Home_AR", "ManoBesaz_Home_AR.csproj", "{A4D71556-EC83-5E37-4857-3A6E1FD3FB45}"
EndProject
Global
	GlobalSection(SolutionConfigurationPlatforms) = preSolution
		Debug|Any CPU = Debug|Any CPU
		Release|Any CPU = Release|Any CPU
	EndGlobalSection
	GlobalSection(ProjectConfigurationPlatforms) = postSolution
		{A4D71556-EC83-5E37-4857-3A6E1FD3FB45}.Debug|Any CPU.ActiveCfg = Debug|Any CPU
		{A4D71556-EC83-5E37-4857-3A6E1FD3FB45}.Debug|Any CPU.Build.0 = Debug|Any CPU
		{A4D71556-EC83-5E37-4857-3A6E1FD3FB45}.Release|Any CPU.ActiveCfg = Release|Any CPU
		{A4D71556-EC83-5E37-4857-3A6E1FD3FB45}.Release|Any CPU.Build.0 = Release|Any CPU
	EndGlobalSection
	GlobalSection(SolutionProperties) = preSolution
		HideSolutionNode = FALSE
	EndGlobalSection
EndGlobal
